// !$*UTF8*$!
{
	archiveVersion = 1;
	classes = {
	};
	objectVersion = 55;
	objects = {

/* Begin PBXBuildFile section */
		4228B7B42752BD3A00D10B33 /* AppDelegate.swift in Sources */ = {isa = PBXBuildFile; fileRef = 4228B7B32752BD3A00D10B33 /* AppDelegate.swift */; };
		4228B7B62752BD3A00D10B33 /* SceneDelegate.swift in Sources */ = {isa = PBXBuildFile; fileRef = 4228B7B52752BD3A00D10B33 /* SceneDelegate.swift */; };
		4228B7B82752BD3A00D10B33 /* ViewController.swift in Sources */ = {isa = PBXBuildFile; fileRef = 4228B7B72752BD3A00D10B33 /* ViewController.swift */; };
		4228B7BB2752BD3A00D10B33 /* Main.storyboard in Resources */ = {isa = PBXBuildFile; fileRef = 4228B7B92752BD3A00D10B33 /* Main.storyboard */; };
		4228B7BD2752BD3B00D10B33 /* Assets.xcassets in Resources */ = {isa = PBXBuildFile; fileRef = 4228B7BC2752BD3B00D10B33 /* Assets.xcassets */; };
		4228B7C02752BD3B00D10B33 /* LaunchScreen.storyboard in Resources */ = {isa = PBXBuildFile; fileRef = 4228B7BE2752BD3B00D10B33 /* LaunchScreen.storyboard */; };
		4228B7C82752C51500D10B33 /* PlaceViewController.swift in Sources */ = {isa = PBXBuildFile; fileRef = 4228B7C72752C51500D10B33 /* PlaceViewController.swift */; };
		4228B7CA2752C68400D10B33 /* Place.swift in Sources */ = {isa = PBXBuildFile; fileRef = 4228B7C92752C68400D10B33 /* Place.swift */; };
		4228B7CD2753836E00D10B33 /* NetworkManager.swift in Sources */ = {isa = PBXBuildFile; fileRef = 4228B7CC2753836E00D10B33 /* NetworkManager.swift */; };
		4228B7CF2753930000D10B33 /* CurrentPlace.swift in Sources */ = {isa = PBXBuildFile; fileRef = 4228B7CE2753930000D10B33 /* CurrentPlace.swift */; };
/* End PBXBuildFile section */

/* Begin PBXFileReference section */
		4228B7B02752BD3A00D10B33 /* PostalCode.app */ = {isa = PBXFileReference; explicitFileType = wrapper.application; includeInIndex = 0; path = PostalCode.app; sourceTree = BUILT_PRODUCTS_DIR; };
		4228B7B32752BD3A00D10B33 /* AppDelegate.swift */ = {isa = PBXFileReference; lastKnownFileType = sourcecode.swift; path = AppDelegate.swift; sourceTree = "<group>"; };
		4228B7B52752BD3A00D10B33 /* SceneDelegate.swift */ = {isa = PBXFileReference; lastKnownFileType = sourcecode.swift; path = SceneDelegate.swift; sourceTree = "<group>"; };
		4228B7B72752BD3A00D10B33 /* ViewController.swift */ = {isa = PBXFileReference; lastKnownFileType = sourcecode.swift; path = ViewController.swift; sourceTree = "<group>"; };
		4228B7BA2752BD3A00D10B33 /* Base */ = {isa = PBXFileReference; lastKnownFileType = file.storyboard; name = Base; path = Base.lproj/Main.storyboard; sourceTree = "<group>"; };
		4228B7BC2752BD3B00D10B33 /* Assets.xcassets */ = {isa = PBXFileReference; lastKnownFileType = folder.assetcatalog; path = Assets.xcassets; sourceTree = "<group>"; };
		4228B7BF2752BD3B00D10B33 /* Base */ = {isa = PBXFileReference; lastKnownFileType = file.storyboard; name = Base; path = Base.lproj/LaunchScreen.storyboard; sourceTree = "<group>"; };
		4228B7C12752BD3B00D10B33 /* Info.plist */ = {isa = PBXFileReference; lastKnownFileType = text.plist.xml; path = Info.plist; sourceTree = "<group>"; };
		4228B7C72752C51500D10B33 /* PlaceViewController.swift */ = {isa = PBXFileReference; lastKnownFileType = sourcecode.swift; path = PlaceViewController.swift; sourceTree = "<group>"; };
		4228B7C92752C68400D10B33 /* Place.swift */ = {isa = PBXFileReference; lastKnownFileType = sourcecode.swift; path = Place.swift; sourceTree = "<group>"; };
		4228B7CC2753836E00D10B33 /* NetworkManager.swift */ = {isa = PBXFileReference; lastKnownFileType = sourcecode.swift; path = NetworkManager.swift; sourceTree = "<group>"; };
		4228B7CE2753930000D10B33 /* CurrentPlace.swift */ = {isa = PBXFileReference; lastKnownFileType = sourcecode.swift; path = CurrentPlace.swift; sourceTree = "<group>"; };
/* End PBXFileReference section */

/* Begin PBXFrameworksBuildPhase section */
		4228B7AD2752BD3A00D10B33 /* Frameworks */ = {
			isa = PBXFrameworksBuildPhase;
			buildActionMask = 2147483647;
			files = (
			);
			runOnlyForDeploymentPostprocessing = 0;
		};
/* End PBXFrameworksBuildPhase section */

/* Begin PBXGroup section */
		4228B7A72752BD3A00D10B33 = {
			isa = PBXGroup;
			children = (
				4228B7B22752BD3A00D10B33 /* PostalCode */,
				4228B7B12752BD3A00D10B33 /* Products */,
			);
			sourceTree = "<group>";
		};
		4228B7B12752BD3A00D10B33 /* Products */ = {
			isa = PBXGroup;
			children = (
				4228B7B02752BD3A00D10B33 /* PostalCode.app */,
			);
			name = Products;
			sourceTree = "<group>";
		};
		4228B7B22752BD3A00D10B33 /* PostalCode */ = {
			isa = PBXGroup;
			children = (
				4228B7B32752BD3A00D10B33 /* AppDelegate.swift */,
				4228B7B52752BD3A00D10B33 /* SceneDelegate.swift */,
				4228B7B72752BD3A00D10B33 /* ViewController.swift */,
				4228B7C72752C51500D10B33 /* PlaceViewController.swift */,
				4228B7CB2753834A00D10B33 /* Models */,
				4228B7B92752BD3A00D10B33 /* Main.storyboard */,
				4228B7BC2752BD3B00D10B33 /* Assets.xcassets */,
				4228B7BE2752BD3B00D10B33 /* LaunchScreen.storyboard */,
				4228B7C12752BD3B00D10B33 /* Info.plist */,
			);
			path = PostalCode;
			sourceTree = "<group>";
		};
		4228B7CB2753834A00D10B33 /* Models */ = {
			isa = PBXGroup;
			children = (
				4228B7C92752C68400D10B33 /* Place.swift */,
				4228B7CC2753836E00D10B33 /* NetworkManager.swift */,
				4228B7CE2753930000D10B33 /* CurrentPlace.swift */,
			);
			path = Models;
			sourceTree = "<group>";
		};
/* End PBXGroup section */

/* Begin PBXNativeTarget section */
		4228B7AF2752BD3A00D10B33 /* PostalCode */ = {
			isa = PBXNativeTarget;
			buildConfigurationList = 4228B7C42752BD3B00D10B33 /* Build configuration list for PBXNativeTarget "PostalCode" */;
			buildPhases = (
				4228B7AC2752BD3A00D10B33 /* Sources */,
				4228B7AD2752BD3A00D10B33 /* Frameworks */,
				4228B7AE2752BD3A00D10B33 /* Resources */,
			);
			buildRules = (
			);
			dependencies = (
			);
			name = PostalCode;
			productName = PostalCode;
			productReference = 4228B7B02752BD3A00D10B33 /* PostalCode.app */;
			productType = "com.apple.product-type.application";
		};
/* End PBXNativeTarget section */

/* Begin PBXProject section */
		4228B7A82752BD3A00D10B33 /* Project object */ = {
			isa = PBXProject;
			attributes = {
				BuildIndependentTargetsInParallel = 1;
				LastSwiftUpdateCheck = 1310;
				LastUpgradeCheck = 1310;
				TargetAttributes = {
					4228B7AF2752BD3A00D10B33 = {
						CreatedOnToolsVersion = 13.1;
					};
				};
			};
			buildConfigurationList = 4228B7AB2752BD3A00D10B33 /* Build configuration list for PBXProject "PostalCode" */;
			compatibilityVersion = "Xcode 13.0";
			developmentRegion = en;
			hasScannedForEncodings = 0;
			knownRegions = (
				en,
				Base,
			);
			mainGroup = 4228B7A72752BD3A00D10B33;
			productRefGroup = 4228B7B12752BD3A00D10B33 /* Products */;
			projectDirPath = "";
			projectRoot = "";
			targets = (
				4228B7AF2752BD3A00D10B33 /* PostalCode */,
			);
		};
/* End PBXProject section */

/* Begin PBXResourcesBuildPhase section */
		4228B7AE2752BD3A00D10B33 /* Resources */ = {
			isa = PBXResourcesBuildPhase;
			buildActionMask = 2147483647;
			files = (
				4228B7C02752BD3B00D10B33 /* LaunchScreen.storyboard in Resources */,
				4228B7BD2752BD3B00D10B33 /* Assets.xcassets in Resources */,
				4228B7BB2752BD3A00D10B33 /* Main.storyboard in Resources */,
			);
			runOnlyForDeploymentPostprocessing = 0;
		};
/* End PBXResourcesBuildPhase section */

/* Begin PBXSourcesBuildPhase section */
		4228B7AC2752BD3A00D10B33 /* Sources */ = {
			isa = PBXSourcesBuildPhase;
			buildActionMask = 2147483647;
			files = (
				4228B7CF2753930000D10B33 /* CurrentPlace.swift in Sources */,
				4228B7CD2753836E00D10B33 /* NetworkManager.swift in Sources */,
				4228B7C82752C51500D10B33 /* PlaceViewController.swift in Sources */,
				4228B7B82752BD3A00D10B33 /* ViewController.swift in Sources */,
				4228B7B42752BD3A00D10B33 /* AppDelegate.swift in Sources */,
				4228B7B62752BD3A00D10B33 /* SceneDelegate.swift in Sources */,
				4228B7CA2752C68400D10B33 /* Place.swift in Sources */,
			);
			runOnlyForDeploymentPostprocessing = 0;
		};
/* End PBXSourcesBuildPhase section */

/* Begin PBXVariantGroup section */
		4228B7B92752BD3A00D10B33 /* Main.storyboard */ = {
			isa = PBXVariantGroup;
			children = (
				4228B7BA2752BD3A00D10B33 /* Base */,
			);
			name = Main.storyboard;
			sourceTree = "<group>";
		};
		4228B7BE2752BD3B00D10B33 /* LaunchScreen.storyboard */ = {
			isa = PBXVariantGroup;
			children = (
				4228B7BF2752BD3B00D10B33 /* Base */,
			);
			name = LaunchScreen.storyboard;
			sourceTree = "<group>";
		};
/* End PBXVariantGroup section */

/* Begin XCBuildConfiguration section */
		4228B7C22752BD3B00D10B33 /* Debug */ = {
			isa = XCBuildConfiguration;
			buildSettings = {
				ALWAYS_SEARCH_USER_PATHS = NO;
				CLANG_ANALYZER_NONNULL = YES;
				CLANG_ANALYZER_NUMBER_OBJECT_CONVERSION = YES_AGGRESSIVE;
				CLANG_CXX_LANGUAGE_STANDARD = "gnu++17";
				CLANG_CXX_LIBRARY = "libc++";
				CLANG_ENABLE_MODULES = YES;
				CLANG_ENABLE_OBJC_ARC = YES;
				CLANG_ENABLE_OBJC_WEAK = YES;
				CLANG_WARN_BLOCK_CAPTURE_AUTORELEASING = YES;
				CLANG_WARN_BOOL_CONVERSION = YES;
				CLANG_WARN_COMMA = YES;
				CLANG_WARN_CONSTANT_CONVERSION = YES;
				CLANG_WARN_DEPRECATED_OBJC_IMPLEMENTATIONS = YES;
				CLANG_WARN_DIRECT_OBJC_ISA_USAGE = YES_ERROR;
				CLANG_WARN_DOCUMENTATION_COMMENTS = YES;
				CLANG_WARN_EMPTY_BODY = YES;
				CLANG_WARN_ENUM_CONVERSION = YES;
				CLANG_WARN_INFINITE_RECURSION = YES;
				CLANG_WARN_INT_CONVERSION = YES;
				CLANG_WARN_NON_LITERAL_NULL_CONVERSION = YES;
				CLANG_WARN_OBJC_IMPLICIT_RETAIN_SELF = YES;
				CLANG_WARN_OBJC_LITERAL_CONVERSION = YES;
				CLANG_WARN_OBJC_ROOT_CLASS = YES_ERROR;
				CLANG_WARN_QUOTED_INCLUDE_IN_FRAMEWORK_HEADER = YES;
				CLANG_WARN_RANGE_LOOP_ANALYSIS = YES;
				CLANG_WARN_STRICT_PROTOTYPES = YES;
				CLANG_WARN_SUSPICIOUS_MOVE = YES;
				CLANG_WARN_UNGUARDED_AVAILABILITY = YES_AGGRESSIVE;
				CLANG_WARN_UNREACHABLE_CODE = YES;
				CLANG_WARN__DUPLICATE_METHOD_MATCH = YES;
				COPY_PHASE_STRIP = NO;
				DEBUG_INFORMATION_FORMAT = dwarf;
				ENABLE_STRICT_OBJC_MSGSEND = YES;
				ENABLE_TESTABILITY = YES;
				GCC_C_LANGUAGE_STANDARD = gnu11;
				GCC_DYNAMIC_NO_PIC = NO;
				GCC_NO_COMMON_BLOCKS = YES;
				GCC_OPTIMIZATION_LEVEL = 0;
				GCC_PREPROCESSOR_DEFINITIONS = (
					"DEBUG=1",
					"$(inherited)",
				);
				GCC_WARN_64_TO_32_BIT_CONVERSION = YES;
				GCC_WARN_ABOUT_RETURN_TYPE = YES_ERROR;
				GCC_WARN_UNDECLARED_SELECTOR = YES;
				GCC_WARN_UNINITIALIZED_AUTOS = YES_AGGRESSIVE;
				GCC_WARN_UNUSED_FUNCTION = YES;
				GCC_WARN_UNUSED_VARIABLE = YES;
				IPHONEOS_DEPLOYMENT_TARGET = 15.0;
				MTL_ENABLE_DEBUG_INFO = INCLUDE_SOURCE;
				MTL_FAST_MATH = YES;
				ONLY_ACTIVE_ARCH = YES;
				SDKROOT = iphoneos;
				SWIFT_ACTIVE_COMPILATION_CONDITIONS = DEBUG;
				SWIFT_OPTIMIZATION_LEVEL = "-Onone";
			};
			name = Debug;
		};
		4228B7C32752BD3B00D10B33 /* Release */ = {
			isa = XCBuildConfiguration;
			buildSettings = {
				ALWAYS_SEARCH_USER_PATHS = NO;
				CLANG_ANALYZER_NONNULL = YES;
				CLANG_ANALYZER_NUMBER_OBJECT_CONVERSION = YES_AGGRESSIVE;
				CLANG_CXX_LANGUAGE_STANDARD = "gnu++17";
				CLANG_CXX_LIBRARY = "libc++";
				CLANG_ENABLE_MODULES = YES;
				CLANG_ENABLE_OBJC_ARC = YES;
				CLANG_ENABLE_OBJC_WEAK = YES;
				CLANG_WARN_BLOCK_CAPTURE_AUTORELEASING = YES;
				CLANG_WARN_BOOL_CONVERSION = YES;
				CLANG_WARN_COMMA = YES;
				CLANG_WARN_CONSTANT_CONVERSION = YES;
				CLANG_WARN_DEPRECATED_OBJC_IMPLEMENTATIONS = YES;
				CLANG_WARN_DIRECT_OBJC_ISA_USAGE = YES_ERROR;
				CLANG_WARN_DOCUMENTATION_COMMENTS = YES;
				CLANG_WARN_EMPTY_BODY = YES;
				CLANG_WARN_ENUM_CONVERSION = YES;
				CLANG_WARN_INFINITE_RECURSION = YES;
				CLANG_WARN_INT_CONVERSION = YES;
				CLANG_WARN_NON_LITERAL_NULL_CONVERSION = YES;
				CLANG_WARN_OBJC_IMPLICIT_RETAIN_SELF = YES;
				CLANG_WARN_OBJC_LITERAL_CONVERSION = YES;
				CLANG_WARN_OBJC_ROOT_CLASS = YES_ERROR;
				CLANG_WARN_QUOTED_INCLUDE_IN_FRAMEWORK_HEADER = YES;
				CLANG_WARN_RANGE_LOOP_ANALYSIS = YES;
				CLANG_WARN_STRICT_PROTOTYPES = YES;
				CLANG_WARN_SUSPICIOUS_MOVE = YES;
				CLANG_WARN_UNGUARDED_AVAILABILITY = YES_AGGRESSIVE;
				CLANG_WARN_UNREACHABLE_CODE = YES;
				CLANG_WARN__DUPLICATE_METHOD_MATCH = YES;
				COPY_PHASE_STRIP = NO;
				DEBUG_INFORMATION_FORMAT = "dwarf-with-dsym";
				ENABLE_NS_ASSERTIONS = NO;
				ENABLE_STRICT_OBJC_MSGSEND = YES;
				GCC_C_LANGUAGE_STANDARD = gnu11;
				GCC_NO_COMMON_BLOCKS = YES;
				GCC_WARN_64_TO_32_BIT_CONVERSION = YES;
				GCC_WARN_ABOUT_RETURN_TYPE = YES_ERROR;
				GCC_WARN_UNDECLARED_SELECTOR = YES;
				GCC_WARN_UNINITIALIZED_AUTOS = YES_AGGRESSIVE;
				GCC_WARN_UNUSED_FUNCTION = YES;
				GCC_WARN_UNUSED_VARIABLE = YES;
				IPHONEOS_DEPLOYMENT_TARGET = 15.0;
				MTL_ENABLE_DEBUG_INFO = NO;
				MTL_FAST_MATH = YES;
				SDKROOT = iphoneos;
				SWIFT_COMPILATION_MODE = wholemodule;
				SWIFT_OPTIMIZATION_LEVEL = "-O";
				VALIDATE_PRODUCT = YES;
			};
			name = Release;
		};
		4228B7C52752BD3B00D10B33 /* Debug */ = {
			isa = XCBuildConfiguration;
			buildSettings = {
				ASSETCATALOG_COMPILER_APPICON_NAME = AppIcon;
				ASSETCATALOG_COMPILER_GLOBAL_ACCENT_COLOR_NAME = AccentColor;
				CODE_SIGN_STYLE = Automatic;
				CURRENT_PROJECT_VERSION = 1;
				GENERATE_INFOPLIST_FILE = YES;
				INFOPLIST_FILE = PostalCode/Info.plist;
				INFOPLIST_KEY_UIApplicationSupportsIndirectInputEvents = YES;
				INFOPLIST_KEY_UILaunchStoryboardName = LaunchScreen;
				INFOPLIST_KEY_UIMainStoryboardFile = Main;
				INFOPLIST_KEY_UISupportedInterfaceOrientations_iPad = "UIInterfaceOrientationPortrait UIInterfaceOrientationPortraitUpsideDown UIInterfaceOrientationLandscapeLeft UIInterfaceOrientationLandscapeRight";
				INFOPLIST_KEY_UISupportedInterfaceOrientations_iPhone = "UIInterfaceOrientationPortrait UIInterfaceOrientationLandscapeLeft UIInterfaceOrientationLandscapeRight";
				LD_RUNPATH_SEARCH_PATHS = (
					"$(inherited)",
					"@executable_path/Frameworks",
				);
				MARKETING_VERSION = 1.0;
				PRODUCT_BUNDLE_IDENTIFIER = AAjr.PostalCode;
				PRODUCT_NAME = "$(TARGET_NAME)";
				SWIFT_EMIT_LOC_STRINGS = YES;
				SWIFT_VERSION = 5.0;
				TARGETED_DEVICE_FAMILY = "1,2";
			};
			name = Debug;
		};
		4228B7C62752BD3B00D10B33 /* Release */ = {
			isa = XCBuildConfiguration;
			buildSettings = {
				ASSETCATALOG_COMPILER_APPICON_NAME = AppIcon;
				ASSETCATALOG_COMPILER_GLOBAL_ACCENT_COLOR_NAME = AccentColor;
				CODE_SIGN_STYLE = Automatic;
				CURRENT_PROJECT_VERSION = 1;
				GENERATE_INFOPLIST_FILE = YES;
				INFOPLIST_FILE = PostalCode/Info.plist;
				INFOPLIST_KEY_UIApplicationSupportsIndirectInputEvents = YES;
				INFOPLIST_KEY_UILaunchStoryboardName = LaunchScreen;
				INFOPLIST_KEY_UIMainStoryboardFile = Main;
				INFOPLIST_KEY_UISupportedInterfaceOrientations_iPad = "UIInterfaceOrientationPortrait UIInterfaceOrientationPortraitUpsideDown UIInterfaceOrientationLandscapeLeft UIInterfaceOrientationLandscapeRight";
				INFOPLIST_KEY_UISupportedInterfaceOrientations_iPhone = "UIInterfaceOrientationPortrait UIInterfaceOrientationLandscapeLeft UIInterfaceOrientationLandscapeRight";
				LD_RUNPATH_SEARCH_PATHS = (
					"$(inherited)",
					"@executable_path/Frameworks",
				);
				MARKETING_VERSION = 1.0;
				PRODUCT_BUNDLE_IDENTIFIER = AAjr.PostalCode;
				PRODUCT_NAME = "$(TARGET_NAME)";
				SWIFT_EMIT_LOC_STRINGS = YES;
				SWIFT_VERSION = 5.0;
				TARGETED_DEVICE_FAMILY = "1,2";
			};
			name = Release;
		};
/* End XCBuildConfiguration section */

/* Begin XCConfigurationList section */
		4228B7AB2752BD3A00D10B33 /* Build configuration list for PBXProject "PostalCode" */ = {
			isa = XCConfigurationList;
			buildConfigurations = (
				4228B7C22752BD3B00D10B33 /* Debug */,
				4228B7C32752BD3B00D10B33 /* Release */,
			);
			defaultConfigurationIsVisible = 0;
			defaultConfigurationName = Release;
		};
		4228B7C42752BD3B00D10B33 /* Build configuration list for PBXNativeTarget "PostalCode" */ = {
			isa = XCConfigurationList;
			buildConfigurations = (
				4228B7C52752BD3B00D10B33 /* Debug */,
				4228B7C62752BD3B00D10B33 /* Release */,
			);
			defaultConfigurationIsVisible = 0;
			defaultConfigurationName = Release;
		};
/* End XCConfigurationList section */
	};
	rootObject = 4228B7A82752BD3A00D10B33 /* Project object */;
}
